
Microsoft Visual Studio Solution File, Format Version 12.00
# Visual Studio Version 17
VisualStudioVersion = 17.8.34511.84
MinimumVisualStudioVersion = 10.0.40219.1
Project("{FAE04EC0-301F-11D3-BF4B-00C04F79EFBC}") = "algorithmLib", "algorithmLib\algorithmLib.csproj", "{0D2BD58E-1403-4A5B-AD64-80F692B64742}"
EndProject
Project("{FAE04EC0-301F-11D3-BF4B-00C04F79EFBC}") = "algorithmTest", "algorithmTest\algorithmTest.csproj", "{7100E9AE-404D-4630-8E50-14CABB17FEF7}"
EndProject
Project("{2150E333-8FDC-42A3-9474-1A3956D46DE8}") = "方案項目", "方案項目", "{8772B8CA-CC38-49E1-A99C-42D0C15DAE78}"
	ProjectSection(SolutionItems) = preProject
		.gitignore = .gitignore
	EndProjectSection
EndProject
Global
	GlobalSection(SolutionConfigurationPlatforms) = preSolution
		Debug|Any CPU = Debug|Any CPU
		Release|Any CPU = Release|Any CPU
	EndGlobalSection
	GlobalSection(ProjectConfigurationPlatforms) = postSolution
		{0D2BD58E-1403-4A5B-AD64-80F692B64742}.Debug|Any CPU.ActiveCfg = Debug|Any CPU
		{0D2BD58E-1403-4A5B-AD64-80F692B64742}.Debug|Any CPU.Build.0 = Debug|Any CPU
		{0D2BD58E-1403-4A5B-AD64-80F692B64742}.Release|Any CPU.ActiveCfg = Release|Any CPU
		{0D2BD58E-1403-4A5B-AD64-80F692B64742}.Release|Any CPU.Build.0 = Release|Any CPU
		{7100E9AE-404D-4630-8E50-14CABB17FEF7}.Debug|Any CPU.ActiveCfg = Debug|Any CPU
		{7100E9AE-404D-4630-8E50-14CABB17FEF7}.Debug|Any CPU.Build.0 = Debug|Any CPU
		{7100E9AE-404D-4630-8E50-14CABB17FEF7}.Release|Any CPU.ActiveCfg = Release|Any CPU
		{7100E9AE-404D-4630-8E50-14CABB17FEF7}.Release|Any CPU.Build.0 = Release|Any CPU
	EndGlobalSection
	GlobalSection(SolutionProperties) = preSolution
		HideSolutionNode = FALSE
	EndGlobalSection
	GlobalSection(ExtensibilityGlobals) = postSolution
		SolutionGuid = {76B43DC0-2999-4D3F-9314-1EA699A007FC}
	EndGlobalSection
EndGlobal
